
Microsoft Visual Studio Solution File, Format Version 12.00
# Visual Studio Version 16
VisualStudioVersion = 16.0.28315.86
MinimumVisualStudioVersion = 10.0.40219.1
Project("{2150E333-8FDC-42A3-9474-1A3956D46DE8}") = "Engine", "Engine", "{2867251C-1180-42D9-83B7-59B682E44203}"
EndProject
Project("{2150E333-8FDC-42A3-9474-1A3956D46DE8}") = "Games", "Games", "{072459EF-95B2-46DD-9F40-0652050A6500}"
EndProject
Project("{8BC9CEB8-8B4A-11D0-8D11-00A0C91BC942}") = "UE4", "Intermediate\ProjectFiles\UE4.vcxproj", "{75B5875B-7C07-4CBB-A67B-4141DE4A6742}"
EndProject
Project("{8BC9CEB8-8B4A-11D0-8D11-00A0C91BC942}") = "SmashBrosTest", "Intermediate\ProjectFiles\SmashBrosTest.vcxproj", "{08D86ABD-9554-4AE5-AA2F-5EC1BC067AA1}"
EndProject
Project("{2150E333-8FDC-42A3-9474-1A3956D46DE8}") = "Visualizers", "Visualizers", "{1281664D-65C6-4860-A877-D928AB753C62}"
	ProjectSection(SolutionItems) = preProject
		..\..\Epic Games\UE_4.24\Engine\Extras\VisualStudioDebugging\UE4.natvis = ..\..\Epic Games\UE_4.24\Engine\Extras\VisualStudioDebugging\UE4.natvis
	EndProjectSection
EndProject
Global
	GlobalSection(SolutionConfigurationPlatforms) = preSolution
		DebugGame Editor|Win32 = DebugGame Editor|Win32
		DebugGame Editor|Win64 = DebugGame Editor|Win64
		DebugGame|Win32 = DebugGame|Win32
		DebugGame|Win64 = DebugGame|Win64
		Development Editor|Win32 = Development Editor|Win32
		Development Editor|Win64 = Development Editor|Win64
		Development|Win32 = Development|Win32
		Development|Win64 = Development|Win64
		Shipping|Win32 = Shipping|Win32
		Shipping|Win64 = Shipping|Win64
	EndGlobalSection
	GlobalSection(ProjectConfigurationPlatforms) = postSolution
		{75B5875B-7C07-4CBB-A67B-4141DE4A6742}.DebugGame Editor|Win32.ActiveCfg = BuiltWithUnrealBuildTool|Win32
		{75B5875B-7C07-4CBB-A67B-4141DE4A6742}.DebugGame Editor|Win64.ActiveCfg = BuiltWithUnrealBuildTool|Win32
		{75B5875B-7C07-4CBB-A67B-4141DE4A6742}.DebugGame|Win32.ActiveCfg = BuiltWithUnrealBuildTool|Win32
		{75B5875B-7C07-4CBB-A67B-4141DE4A6742}.DebugGame|Win64.ActiveCfg = BuiltWithUnrealBuildTool|Win32
		{75B5875B-7C07-4CBB-A67B-4141DE4A6742}.Development Editor|Win32.ActiveCfg = BuiltWithUnrealBuildTool|Win32
		{75B5875B-7C07-4CBB-A67B-4141DE4A6742}.Development Editor|Win64.ActiveCfg = BuiltWithUnrealBuildTool|Win32
		{75B5875B-7C07-4CBB-A67B-4141DE4A6742}.Development|Win32.ActiveCfg = BuiltWithUnrealBuildTool|Win32
		{75B5875B-7C07-4CBB-A67B-4141DE4A6742}.Development|Win64.ActiveCfg = BuiltWithUnrealBuildTool|Win32
		{75B5875B-7C07-4CBB-A67B-4141DE4A6742}.Shipping|Win32.ActiveCfg = BuiltWithUnrealBuildTool|Win32
		{75B5875B-7C07-4CBB-A67B-4141DE4A6742}.Shipping|Win64.ActiveCfg = BuiltWithUnrealBuildTool|Win32
		{08D86ABD-9554-4AE5-AA2F-5EC1BC067AA1}.DebugGame Editor|Win32.ActiveCfg = Invalid|Win32
		{08D86ABD-9554-4AE5-AA2F-5EC1BC067AA1}.DebugGame Editor|Win64.ActiveCfg = DebugGame_Editor|x64
		{08D86ABD-9554-4AE5-AA2F-5EC1BC067AA1}.DebugGame Editor|Win64.Build.0 = DebugGame_Editor|x64
		{08D86ABD-9554-4AE5-AA2F-5EC1BC067AA1}.DebugGame|Win32.ActiveCfg = DebugGame|Win32
		{08D86ABD-9554-4AE5-AA2F-5EC1BC067AA1}.DebugGame|Win32.Build.0 = DebugGame|Win32
		{08D86ABD-9554-4AE5-AA2F-5EC1BC067AA1}.DebugGame|Win64.ActiveCfg = DebugGame|x64
		{08D86ABD-9554-4AE5-AA2F-5EC1BC067AA1}.DebugGame|Win64.Build.0 = DebugGame|x64
		{08D86ABD-9554-4AE5-AA2F-5EC1BC067AA1}.Development Editor|Win32.ActiveCfg = Invalid|Win32
		{08D86ABD-9554-4AE5-AA2F-5EC1BC067AA1}.Development Editor|Win64.ActiveCfg = Development_Editor|x64
		{08D86ABD-9554-4AE5-AA2F-5EC1BC067AA1}.Development Editor|Win64.Build.0 = Development_Editor|x64
		{08D86ABD-9554-4AE5-AA2F-5EC1BC067AA1}.Development|Win32.ActiveCfg = Development|Win32
		{08D86ABD-9554-4AE5-AA2F-5EC1BC067AA1}.Development|Win32.Build.0 = Development|Win32
		{08D86ABD-9554-4AE5-AA2F-5EC1BC067AA1}.Development|Win64.ActiveCfg = Development|x64
		{08D86ABD-9554-4AE5-AA2F-5EC1BC067AA1}.Development|Win64.Build.0 = Development|x64
		{08D86ABD-9554-4AE5-AA2F-5EC1BC067AA1}.Shipping|Win32.ActiveCfg = Shipping|Win32
		{08D86ABD-9554-4AE5-AA2F-5EC1BC067AA1}.Shipping|Win32.Build.0 = Shipping|Win32
		{08D86ABD-9554-4AE5-AA2F-5EC1BC067AA1}.Shipping|Win64.ActiveCfg = Shipping|x64
		{08D86ABD-9554-4AE5-AA2F-5EC1BC067AA1}.Shipping|Win64.Build.0 = Shipping|x64
	EndGlobalSection
	GlobalSection(SolutionProperties) = preSolution
		HideSolutionNode = FALSE
	EndGlobalSection
	GlobalSection(NestedProjects) = preSolution
		{75B5875B-7C07-4CBB-A67B-4141DE4A6742} = {2867251C-1180-42D9-83B7-59B682E44203}
		{08D86ABD-9554-4AE5-AA2F-5EC1BC067AA1} = {072459EF-95B2-46DD-9F40-0652050A6500}
	EndGlobalSection
EndGlobal
