
Microsoft Visual Studio Solution File, Format Version 12.00
# Visual Studio Version 16
VisualStudioVersion = 16.0.28315.86
MinimumVisualStudioVersion = 10.0.40219.1
Project("{2150E333-8FDC-42A3-9474-1A3956D46DE8}") = "Engine", "Engine", "{48D01F2B-A180-46AC-8F8C-8994AEDD80CA}"
EndProject
Project("{2150E333-8FDC-42A3-9474-1A3956D46DE8}") = "Games", "Games", "{6623A994-4E2F-4365-8EBA-0D524B9C2022}"
EndProject
Project("{8BC9CEB8-8B4A-11D0-8D11-00A0C91BC942}") = "UE4", "Intermediate\ProjectFiles\UE4.vcxproj", "{4F1BE963-ABAD-4CE9-9373-40C0D447B9AF}"
EndProject
Project("{8BC9CEB8-8B4A-11D0-8D11-00A0C91BC942}") = "versusgame", "Intermediate\ProjectFiles\versusgame.vcxproj", "{4541DDF5-EB08-400C-9D5C-942EE8DA1D06}"
EndProject
Project("{2150E333-8FDC-42A3-9474-1A3956D46DE8}") = "Visualizers", "Visualizers", "{D362DCD0-67C0-4F3E-B304-DEED0B6C1C9E}"
	ProjectSection(SolutionItems) = preProject
		D:\UE4install\UE_4.24\Engine\Extras\VisualStudioDebugging\UE4.natvis = D:\UE4install\UE_4.24\Engine\Extras\VisualStudioDebugging\UE4.natvis
	EndProjectSection
EndProject
Global
	GlobalSection(SolutionConfigurationPlatforms) = preSolution
		DebugGame Editor|IOS = DebugGame Editor|IOS
		DebugGame Editor|Win32 = DebugGame Editor|Win32
		DebugGame Editor|Win64 = DebugGame Editor|Win64
		DebugGame|IOS = DebugGame|IOS
		DebugGame|Win32 = DebugGame|Win32
		DebugGame|Win64 = DebugGame|Win64
		Development Editor|IOS = Development Editor|IOS
		Development Editor|Win32 = Development Editor|Win32
		Development Editor|Win64 = Development Editor|Win64
		Development|IOS = Development|IOS
		Development|Win32 = Development|Win32
		Development|Win64 = Development|Win64
		Shipping|IOS = Shipping|IOS
		Shipping|Win32 = Shipping|Win32
		Shipping|Win64 = Shipping|Win64
	EndGlobalSection
	GlobalSection(ProjectConfigurationPlatforms) = postSolution
		{4F1BE963-ABAD-4CE9-9373-40C0D447B9AF}.DebugGame Editor|IOS.ActiveCfg = BuiltWithUnrealBuildTool|Win32
		{4F1BE963-ABAD-4CE9-9373-40C0D447B9AF}.DebugGame Editor|Win32.ActiveCfg = BuiltWithUnrealBuildTool|Win32
		{4F1BE963-ABAD-4CE9-9373-40C0D447B9AF}.DebugGame Editor|Win64.ActiveCfg = BuiltWithUnrealBuildTool|Win32
		{4F1BE963-ABAD-4CE9-9373-40C0D447B9AF}.DebugGame|IOS.ActiveCfg = BuiltWithUnrealBuildTool|Win32
		{4F1BE963-ABAD-4CE9-9373-40C0D447B9AF}.DebugGame|Win32.ActiveCfg = BuiltWithUnrealBuildTool|Win32
		{4F1BE963-ABAD-4CE9-9373-40C0D447B9AF}.DebugGame|Win64.ActiveCfg = BuiltWithUnrealBuildTool|Win32
		{4F1BE963-ABAD-4CE9-9373-40C0D447B9AF}.Development Editor|IOS.ActiveCfg = BuiltWithUnrealBuildTool|Win32
		{4F1BE963-ABAD-4CE9-9373-40C0D447B9AF}.Development Editor|Win32.ActiveCfg = BuiltWithUnrealBuildTool|Win32
		{4F1BE963-ABAD-4CE9-9373-40C0D447B9AF}.Development Editor|Win64.ActiveCfg = BuiltWithUnrealBuildTool|Win32
		{4F1BE963-ABAD-4CE9-9373-40C0D447B9AF}.Development|IOS.ActiveCfg = BuiltWithUnrealBuildTool|Win32
		{4F1BE963-ABAD-4CE9-9373-40C0D447B9AF}.Development|Win32.ActiveCfg = BuiltWithUnrealBuildTool|Win32
		{4F1BE963-ABAD-4CE9-9373-40C0D447B9AF}.Development|Win64.ActiveCfg = BuiltWithUnrealBuildTool|Win32
		{4F1BE963-ABAD-4CE9-9373-40C0D447B9AF}.Shipping|IOS.ActiveCfg = BuiltWithUnrealBuildTool|Win32
		{4F1BE963-ABAD-4CE9-9373-40C0D447B9AF}.Shipping|Win32.ActiveCfg = BuiltWithUnrealBuildTool|Win32
		{4F1BE963-ABAD-4CE9-9373-40C0D447B9AF}.Shipping|Win64.ActiveCfg = BuiltWithUnrealBuildTool|Win32
		{4541DDF5-EB08-400C-9D5C-942EE8DA1D06}.DebugGame Editor|IOS.ActiveCfg = Invalid|Win32
		{4541DDF5-EB08-400C-9D5C-942EE8DA1D06}.DebugGame Editor|Win32.ActiveCfg = Invalid|Win32
		{4541DDF5-EB08-400C-9D5C-942EE8DA1D06}.DebugGame Editor|Win64.ActiveCfg = DebugGame_Editor|x64
		{4541DDF5-EB08-400C-9D5C-942EE8DA1D06}.DebugGame Editor|Win64.Build.0 = DebugGame_Editor|x64
		{4541DDF5-EB08-400C-9D5C-942EE8DA1D06}.DebugGame|IOS.ActiveCfg = IOS_DebugGame|Win32
		{4541DDF5-EB08-400C-9D5C-942EE8DA1D06}.DebugGame|IOS.Build.0 = IOS_DebugGame|Win32
		{4541DDF5-EB08-400C-9D5C-942EE8DA1D06}.DebugGame|Win32.ActiveCfg = DebugGame|Win32
		{4541DDF5-EB08-400C-9D5C-942EE8DA1D06}.DebugGame|Win32.Build.0 = DebugGame|Win32
		{4541DDF5-EB08-400C-9D5C-942EE8DA1D06}.DebugGame|Win64.ActiveCfg = DebugGame|x64
		{4541DDF5-EB08-400C-9D5C-942EE8DA1D06}.DebugGame|Win64.Build.0 = DebugGame|x64
		{4541DDF5-EB08-400C-9D5C-942EE8DA1D06}.Development Editor|IOS.ActiveCfg = Invalid|Win32
		{4541DDF5-EB08-400C-9D5C-942EE8DA1D06}.Development Editor|Win32.ActiveCfg = Invalid|Win32
		{4541DDF5-EB08-400C-9D5C-942EE8DA1D06}.Development Editor|Win64.ActiveCfg = Development_Editor|x64
		{4541DDF5-EB08-400C-9D5C-942EE8DA1D06}.Development Editor|Win64.Build.0 = Development_Editor|x64
		{4541DDF5-EB08-400C-9D5C-942EE8DA1D06}.Development|IOS.ActiveCfg = IOS_Development|Win32
		{4541DDF5-EB08-400C-9D5C-942EE8DA1D06}.Development|IOS.Build.0 = IOS_Development|Win32
		{4541DDF5-EB08-400C-9D5C-942EE8DA1D06}.Development|Win32.ActiveCfg = Development|Win32
		{4541DDF5-EB08-400C-9D5C-942EE8DA1D06}.Development|Win32.Build.0 = Development|Win32
		{4541DDF5-EB08-400C-9D5C-942EE8DA1D06}.Development|Win64.ActiveCfg = Development|x64
		{4541DDF5-EB08-400C-9D5C-942EE8DA1D06}.Development|Win64.Build.0 = Development|x64
		{4541DDF5-EB08-400C-9D5C-942EE8DA1D06}.Shipping|IOS.ActiveCfg = IOS_Shipping|Win32
		{4541DDF5-EB08-400C-9D5C-942EE8DA1D06}.Shipping|IOS.Build.0 = IOS_Shipping|Win32
		{4541DDF5-EB08-400C-9D5C-942EE8DA1D06}.Shipping|Win32.ActiveCfg = Shipping|Win32
		{4541DDF5-EB08-400C-9D5C-942EE8DA1D06}.Shipping|Win32.Build.0 = Shipping|Win32
		{4541DDF5-EB08-400C-9D5C-942EE8DA1D06}.Shipping|Win64.ActiveCfg = Shipping|x64
		{4541DDF5-EB08-400C-9D5C-942EE8DA1D06}.Shipping|Win64.Build.0 = Shipping|x64
	EndGlobalSection
	GlobalSection(SolutionProperties) = preSolution
		HideSolutionNode = FALSE
	EndGlobalSection
	GlobalSection(NestedProjects) = preSolution
		{4F1BE963-ABAD-4CE9-9373-40C0D447B9AF} = {48D01F2B-A180-46AC-8F8C-8994AEDD80CA}
		{4541DDF5-EB08-400C-9D5C-942EE8DA1D06} = {6623A994-4E2F-4365-8EBA-0D524B9C2022}
	EndGlobalSection
EndGlobal
